
Microsoft Visual Studio Solution File, Format Version 12.00
# Visual Studio Version 17
VisualStudioVersion = 17.13.35919.96 d17.13
MinimumVisualStudioVersion = 10.0.40219.1
Project("{C9674DCB-5085-4A16-B785-4C70DD1589BD}") = "reverse", "reverse\reverse.dtproj", "{24346C6C-9443-7635-C9B2-77110B9EB2C2}"
EndProject
Global
	GlobalSection(SolutionConfigurationPlatforms) = preSolution
		Development|Default = Development|Default
	EndGlobalSection
	GlobalSection(ProjectConfigurationPlatforms) = postSolution
		{24346C6C-9443-7635-C9B2-77110B9EB2C2}.Development|Default.ActiveCfg = Development
		{24346C6C-9443-7635-C9B2-77110B9EB2C2}.Development|Default.Build.0 = Development
	EndGlobalSection
	GlobalSection(SolutionProperties) = preSolution
		HideSolutionNode = FALSE
	EndGlobalSection
	GlobalSection(ExtensibilityGlobals) = postSolution
		SolutionGuid = {25F17A51-33CC-437F-8486-4E41DA45154C}
	EndGlobalSection
EndGlobal
